
Microsoft Visual Studio Solution File, Format Version 12.00
Project("{FAE04EC0-301F-11D3-BF4B-00C04F79EFBC}") = "ChernenkayaV.V.523", "ChernenkayaV.V.523.csproj", "{9DDC46A6-D80D-4117-AF77-8AAC81AFF406}"
EndProject
Global
	GlobalSection(SolutionConfigurationPlatforms) = preSolution
		Debug|Any CPU = Debug|Any CPU
		Release|Any CPU = Release|Any CPU
	EndGlobalSection
	GlobalSection(ProjectConfigurationPlatforms) = postSolution
		{9DDC46A6-D80D-4117-AF77-8AAC81AFF406}.Debug|Any CPU.ActiveCfg = Debug|Any CPU
		{9DDC46A6-D80D-4117-AF77-8AAC81AFF406}.Debug|Any CPU.Build.0 = Debug|Any CPU
		{9DDC46A6-D80D-4117-AF77-8AAC81AFF406}.Release|Any CPU.ActiveCfg = Release|Any CPU
		{9DDC46A6-D80D-4117-AF77-8AAC81AFF406}.Release|Any CPU.Build.0 = Release|Any CPU
	EndGlobalSection
EndGlobal
